// !$*UTF8*$!
{
	archiveVersion = 1;
	classes = {
	};
	objectVersion = 56;
	objects = {

/* Begin PBXBuildFile section */
		D967D5172B39CDD300594689 /* FollowerListViewController.swift in Sources */ = {isa = PBXBuildFile; fileRef = D967D5162B39CDD300594689 /* FollowerListViewController.swift */; };
		D99F71042B359C7300F60856 /* SearchViewController.swift in Sources */ = {isa = PBXBuildFile; fileRef = D99F71032B359C7300F60856 /* SearchViewController.swift */; };
		D99F71062B359CF200F60856 /* FavoriteListViewController.swift in Sources */ = {isa = PBXBuildFile; fileRef = D99F71052B359CF200F60856 /* FavoriteListViewController.swift */; };
		D99F71082B35BD4A00F60856 /* GFButton.swift in Sources */ = {isa = PBXBuildFile; fileRef = D99F71072B35BD4A00F60856 /* GFButton.swift */; };
		D99F710A2B35C7D700F60856 /* GFTextField.swift in Sources */ = {isa = PBXBuildFile; fileRef = D99F71092B35C7D700F60856 /* GFTextField.swift */; };
		D9A52A5E2B3ADC660025F537 /* GFTitleLabel.swift in Sources */ = {isa = PBXBuildFile; fileRef = D9A52A5D2B3ADC660025F537 /* GFTitleLabel.swift */; };
		D9A52A602B3AEA770025F537 /* GFBodyLabel.swift in Sources */ = {isa = PBXBuildFile; fileRef = D9A52A5F2B3AEA770025F537 /* GFBodyLabel.swift */; };
		D9A52A622B3AF1470025F537 /* GFAlertViewController.swift in Sources */ = {isa = PBXBuildFile; fileRef = D9A52A612B3AF1470025F537 /* GFAlertViewController.swift */; };
		D9A52A642B3C1C910025F537 /* UIViewController+Ext.swift in Sources */ = {isa = PBXBuildFile; fileRef = D9A52A632B3C1C910025F537 /* UIViewController+Ext.swift */; };
		D9DA0AA42B34581500C21C03 /* AppDelegate.swift in Sources */ = {isa = PBXBuildFile; fileRef = D9DA0AA32B34581500C21C03 /* AppDelegate.swift */; };
		D9DA0AA62B34581500C21C03 /* SceneDelegate.swift in Sources */ = {isa = PBXBuildFile; fileRef = D9DA0AA52B34581500C21C03 /* SceneDelegate.swift */; };
		D9DA0AAD2B34581600C21C03 /* Assets.xcassets in Resources */ = {isa = PBXBuildFile; fileRef = D9DA0AAC2B34581600C21C03 /* Assets.xcassets */; };
		D9DA0AB02B34581600C21C03 /* LaunchScreen.storyboard in Resources */ = {isa = PBXBuildFile; fileRef = D9DA0AAE2B34581600C21C03 /* LaunchScreen.storyboard */; };
/* End PBXBuildFile section */

/* Begin PBXFileReference section */
		D967D5162B39CDD300594689 /* FollowerListViewController.swift */ = {isa = PBXFileReference; lastKnownFileType = sourcecode.swift; path = FollowerListViewController.swift; sourceTree = "<group>"; };
		D99F71032B359C7300F60856 /* SearchViewController.swift */ = {isa = PBXFileReference; lastKnownFileType = sourcecode.swift; path = SearchViewController.swift; sourceTree = "<group>"; };
		D99F71052B359CF200F60856 /* FavoriteListViewController.swift */ = {isa = PBXFileReference; lastKnownFileType = sourcecode.swift; path = FavoriteListViewController.swift; sourceTree = "<group>"; };
		D99F71072B35BD4A00F60856 /* GFButton.swift */ = {isa = PBXFileReference; lastKnownFileType = sourcecode.swift; path = GFButton.swift; sourceTree = "<group>"; };
		D99F71092B35C7D700F60856 /* GFTextField.swift */ = {isa = PBXFileReference; lastKnownFileType = sourcecode.swift; path = GFTextField.swift; sourceTree = "<group>"; };
		D9A52A5D2B3ADC660025F537 /* GFTitleLabel.swift */ = {isa = PBXFileReference; lastKnownFileType = sourcecode.swift; path = GFTitleLabel.swift; sourceTree = "<group>"; };
		D9A52A5F2B3AEA770025F537 /* GFBodyLabel.swift */ = {isa = PBXFileReference; lastKnownFileType = sourcecode.swift; path = GFBodyLabel.swift; sourceTree = "<group>"; };
		D9A52A612B3AF1470025F537 /* GFAlertViewController.swift */ = {isa = PBXFileReference; lastKnownFileType = sourcecode.swift; path = GFAlertViewController.swift; sourceTree = "<group>"; };
		D9A52A632B3C1C910025F537 /* UIViewController+Ext.swift */ = {isa = PBXFileReference; lastKnownFileType = sourcecode.swift; path = "UIViewController+Ext.swift"; sourceTree = "<group>"; };
		D9DA0AA02B34581500C21C03 /* GHFollowers737.app */ = {isa = PBXFileReference; explicitFileType = wrapper.application; includeInIndex = 0; path = GHFollowers737.app; sourceTree = BUILT_PRODUCTS_DIR; };
		D9DA0AA32B34581500C21C03 /* AppDelegate.swift */ = {isa = PBXFileReference; lastKnownFileType = sourcecode.swift; path = AppDelegate.swift; sourceTree = "<group>"; };
		D9DA0AA52B34581500C21C03 /* SceneDelegate.swift */ = {isa = PBXFileReference; lastKnownFileType = sourcecode.swift; path = SceneDelegate.swift; sourceTree = "<group>"; };
		D9DA0AAC2B34581600C21C03 /* Assets.xcassets */ = {isa = PBXFileReference; lastKnownFileType = folder.assetcatalog; path = Assets.xcassets; sourceTree = "<group>"; };
		D9DA0AAF2B34581600C21C03 /* Base */ = {isa = PBXFileReference; lastKnownFileType = file.storyboard; name = Base; path = Base.lproj/LaunchScreen.storyboard; sourceTree = "<group>"; };
		D9DA0AB12B34581600C21C03 /* Info.plist */ = {isa = PBXFileReference; lastKnownFileType = text.plist.xml; path = Info.plist; sourceTree = "<group>"; };
/* End PBXFileReference section */

/* Begin PBXFrameworksBuildPhase section */
		D9DA0A9D2B34581500C21C03 /* Frameworks */ = {
			isa = PBXFrameworksBuildPhase;
			buildActionMask = 2147483647;
			files = (
			);
			runOnlyForDeploymentPostprocessing = 0;
		};
/* End PBXFrameworksBuildPhase section */

/* Begin PBXGroup section */
		D9DA0A972B34581500C21C03 = {
			isa = PBXGroup;
			children = (
				D9DA0AA22B34581500C21C03 /* GHFollowers737 */,
				D9DA0AA12B34581500C21C03 /* Products */,
			);
			sourceTree = "<group>";
		};
		D9DA0AA12B34581500C21C03 /* Products */ = {
			isa = PBXGroup;
			children = (
				D9DA0AA02B34581500C21C03 /* GHFollowers737.app */,
			);
			name = Products;
			sourceTree = "<group>";
		};
		D9DA0AA22B34581500C21C03 /* GHFollowers737 */ = {
			isa = PBXGroup;
			children = (
				D9DA0AA32B34581500C21C03 /* AppDelegate.swift */,
				D9DA0AA52B34581500C21C03 /* SceneDelegate.swift */,
				D99F71032B359C7300F60856 /* SearchViewController.swift */,
				D967D5162B39CDD300594689 /* FollowerListViewController.swift */,
				D99F71052B359CF200F60856 /* FavoriteListViewController.swift */,
				D9A52A5D2B3ADC660025F537 /* GFTitleLabel.swift */,
				D9A52A5F2B3AEA770025F537 /* GFBodyLabel.swift */,
				D9A52A612B3AF1470025F537 /* GFAlertViewController.swift */,
				D9A52A632B3C1C910025F537 /* UIViewController+Ext.swift */,
				D99F71072B35BD4A00F60856 /* GFButton.swift */,
				D99F71092B35C7D700F60856 /* GFTextField.swift */,
				D9DA0AAE2B34581600C21C03 /* LaunchScreen.storyboard */,
				D9DA0AB12B34581600C21C03 /* Info.plist */,
				D9DA0AAC2B34581600C21C03 /* Assets.xcassets */,
			);
			path = GHFollowers737;
			sourceTree = "<group>";
		};
/* End PBXGroup section */

/* Begin PBXNativeTarget section */
		D9DA0A9F2B34581500C21C03 /* GHFollowers737 */ = {
			isa = PBXNativeTarget;
			buildConfigurationList = D9DA0AB42B34581600C21C03 /* Build configuration list for PBXNativeTarget "GHFollowers737" */;
			buildPhases = (
				D9DA0A9C2B34581500C21C03 /* Sources */,
				D9DA0A9D2B34581500C21C03 /* Frameworks */,
				D9DA0A9E2B34581500C21C03 /* Resources */,
			);
			buildRules = (
			);
			dependencies = (
			);
			name = GHFollowers737;
			productName = GHFollowers737;
			productReference = D9DA0AA02B34581500C21C03 /* GHFollowers737.app */;
			productType = "com.apple.product-type.application";
		};
/* End PBXNativeTarget section */

/* Begin PBXProject section */
		D9DA0A982B34581500C21C03 /* Project object */ = {
			isa = PBXProject;
			attributes = {
				BuildIndependentTargetsInParallel = 1;
				LastSwiftUpdateCheck = 1510;
				LastUpgradeCheck = 1510;
				TargetAttributes = {
					D9DA0A9F2B34581500C21C03 = {
						CreatedOnToolsVersion = 15.1;
					};
				};
			};
			buildConfigurationList = D9DA0A9B2B34581500C21C03 /* Build configuration list for PBXProject "GHFollowers737" */;
			compatibilityVersion = "Xcode 14.0";
			developmentRegion = en;
			hasScannedForEncodings = 0;
			knownRegions = (
				en,
				Base,
			);
			mainGroup = D9DA0A972B34581500C21C03;
			productRefGroup = D9DA0AA12B34581500C21C03 /* Products */;
			projectDirPath = "";
			projectRoot = "";
			targets = (
				D9DA0A9F2B34581500C21C03 /* GHFollowers737 */,
			);
		};
/* End PBXProject section */

/* Begin PBXResourcesBuildPhase section */
		D9DA0A9E2B34581500C21C03 /* Resources */ = {
			isa = PBXResourcesBuildPhase;
			buildActionMask = 2147483647;
			files = (
				D9DA0AB02B34581600C21C03 /* LaunchScreen.storyboard in Resources */,
				D9DA0AAD2B34581600C21C03 /* Assets.xcassets in Resources */,
			);
			runOnlyForDeploymentPostprocessing = 0;
		};
/* End PBXResourcesBuildPhase section */

/* Begin PBXSourcesBuildPhase section */
		D9DA0A9C2B34581500C21C03 /* Sources */ = {
			isa = PBXSourcesBuildPhase;
			buildActionMask = 2147483647;
			files = (
				D9A52A622B3AF1470025F537 /* GFAlertViewController.swift in Sources */,
				D99F710A2B35C7D700F60856 /* GFTextField.swift in Sources */,
				D99F71062B359CF200F60856 /* FavoriteListViewController.swift in Sources */,
				D9A52A642B3C1C910025F537 /* UIViewController+Ext.swift in Sources */,
				D99F71082B35BD4A00F60856 /* GFButton.swift in Sources */,
				D99F71042B359C7300F60856 /* SearchViewController.swift in Sources */,
				D9A52A602B3AEA770025F537 /* GFBodyLabel.swift in Sources */,
				D9A52A5E2B3ADC660025F537 /* GFTitleLabel.swift in Sources */,
				D9DA0AA42B34581500C21C03 /* AppDelegate.swift in Sources */,
				D9DA0AA62B34581500C21C03 /* SceneDelegate.swift in Sources */,
				D967D5172B39CDD300594689 /* FollowerListViewController.swift in Sources */,
			);
			runOnlyForDeploymentPostprocessing = 0;
		};
/* End PBXSourcesBuildPhase section */

/* Begin PBXVariantGroup section */
		D9DA0AAE2B34581600C21C03 /* LaunchScreen.storyboard */ = {
			isa = PBXVariantGroup;
			children = (
				D9DA0AAF2B34581600C21C03 /* Base */,
			);
			name = LaunchScreen.storyboard;
			sourceTree = "<group>";
		};
/* End PBXVariantGroup section */

/* Begin XCBuildConfiguration section */
		D9DA0AB22B34581600C21C03 /* Debug */ = {
			isa = XCBuildConfiguration;
			buildSettings = {
				ALWAYS_SEARCH_USER_PATHS = NO;
				ASSETCATALOG_COMPILER_GENERATE_SWIFT_ASSET_SYMBOL_EXTENSIONS = YES;
				CLANG_ANALYZER_NONNULL = YES;
				CLANG_ANALYZER_NUMBER_OBJECT_CONVERSION = YES_AGGRESSIVE;
				CLANG_CXX_LANGUAGE_STANDARD = "gnu++20";
				CLANG_ENABLE_MODULES = YES;
				CLANG_ENABLE_OBJC_ARC = YES;
				CLANG_ENABLE_OBJC_WEAK = YES;
				CLANG_WARN_BLOCK_CAPTURE_AUTORELEASING = YES;
				CLANG_WARN_BOOL_CONVERSION = YES;
				CLANG_WARN_COMMA = YES;
				CLANG_WARN_CONSTANT_CONVERSION = YES;
				CLANG_WARN_DEPRECATED_OBJC_IMPLEMENTATIONS = YES;
				CLANG_WARN_DIRECT_OBJC_ISA_USAGE = YES_ERROR;
				CLANG_WARN_DOCUMENTATION_COMMENTS = YES;
				CLANG_WARN_EMPTY_BODY = YES;
				CLANG_WARN_ENUM_CONVERSION = YES;
				CLANG_WARN_INFINITE_RECURSION = YES;
				CLANG_WARN_INT_CONVERSION = YES;
				CLANG_WARN_NON_LITERAL_NULL_CONVERSION = YES;
				CLANG_WARN_OBJC_IMPLICIT_RETAIN_SELF = YES;
				CLANG_WARN_OBJC_LITERAL_CONVERSION = YES;
				CLANG_WARN_OBJC_ROOT_CLASS = YES_ERROR;
				CLANG_WARN_QUOTED_INCLUDE_IN_FRAMEWORK_HEADER = YES;
				CLANG_WARN_RANGE_LOOP_ANALYSIS = YES;
				CLANG_WARN_STRICT_PROTOTYPES = YES;
				CLANG_WARN_SUSPICIOUS_MOVE = YES;
				CLANG_WARN_UNGUARDED_AVAILABILITY = YES_AGGRESSIVE;
				CLANG_WARN_UNREACHABLE_CODE = YES;
				CLANG_WARN__DUPLICATE_METHOD_MATCH = YES;
				COPY_PHASE_STRIP = NO;
				DEBUG_INFORMATION_FORMAT = dwarf;
				ENABLE_STRICT_OBJC_MSGSEND = YES;
				ENABLE_TESTABILITY = YES;
				ENABLE_USER_SCRIPT_SANDBOXING = YES;
				GCC_C_LANGUAGE_STANDARD = gnu17;
				GCC_DYNAMIC_NO_PIC = NO;
				GCC_NO_COMMON_BLOCKS = YES;
				GCC_OPTIMIZATION_LEVEL = 0;
				GCC_PREPROCESSOR_DEFINITIONS = (
					"DEBUG=1",
					"$(inherited)",
				);
				GCC_WARN_64_TO_32_BIT_CONVERSION = YES;
				GCC_WARN_ABOUT_RETURN_TYPE = YES_ERROR;
				GCC_WARN_UNDECLARED_SELECTOR = YES;
				GCC_WARN_UNINITIALIZED_AUTOS = YES_AGGRESSIVE;
				GCC_WARN_UNUSED_FUNCTION = YES;
				GCC_WARN_UNUSED_VARIABLE = YES;
				IPHONEOS_DEPLOYMENT_TARGET = 17.2;
				LOCALIZATION_PREFERS_STRING_CATALOGS = YES;
				MTL_ENABLE_DEBUG_INFO = INCLUDE_SOURCE;
				MTL_FAST_MATH = YES;
				ONLY_ACTIVE_ARCH = YES;
				SDKROOT = iphoneos;
				SWIFT_ACTIVE_COMPILATION_CONDITIONS = "DEBUG $(inherited)";
				SWIFT_OPTIMIZATION_LEVEL = "-Onone";
			};
			name = Debug;
		};
		D9DA0AB32B34581600C21C03 /* Release */ = {
			isa = XCBuildConfiguration;
			buildSettings = {
				ALWAYS_SEARCH_USER_PATHS = NO;
				ASSETCATALOG_COMPILER_GENERATE_SWIFT_ASSET_SYMBOL_EXTENSIONS = YES;
				CLANG_ANALYZER_NONNULL = YES;
				CLANG_ANALYZER_NUMBER_OBJECT_CONVERSION = YES_AGGRESSIVE;
				CLANG_CXX_LANGUAGE_STANDARD = "gnu++20";
				CLANG_ENABLE_MODULES = YES;
				CLANG_ENABLE_OBJC_ARC = YES;
				CLANG_ENABLE_OBJC_WEAK = YES;
				CLANG_WARN_BLOCK_CAPTURE_AUTORELEASING = YES;
				CLANG_WARN_BOOL_CONVERSION = YES;
				CLANG_WARN_COMMA = YES;
				CLANG_WARN_CONSTANT_CONVERSION = YES;
				CLANG_WARN_DEPRECATED_OBJC_IMPLEMENTATIONS = YES;
				CLANG_WARN_DIRECT_OBJC_ISA_USAGE = YES_ERROR;
				CLANG_WARN_DOCUMENTATION_COMMENTS = YES;
				CLANG_WARN_EMPTY_BODY = YES;
				CLANG_WARN_ENUM_CONVERSION = YES;
				CLANG_WARN_INFINITE_RECURSION = YES;
				CLANG_WARN_INT_CONVERSION = YES;
				CLANG_WARN_NON_LITERAL_NULL_CONVERSION = YES;
				CLANG_WARN_OBJC_IMPLICIT_RETAIN_SELF = YES;
				CLANG_WARN_OBJC_LITERAL_CONVERSION = YES;
				CLANG_WARN_OBJC_ROOT_CLASS = YES_ERROR;
				CLANG_WARN_QUOTED_INCLUDE_IN_FRAMEWORK_HEADER = YES;
				CLANG_WARN_RANGE_LOOP_ANALYSIS = YES;
				CLANG_WARN_STRICT_PROTOTYPES = YES;
				CLANG_WARN_SUSPICIOUS_MOVE = YES;
				CLANG_WARN_UNGUARDED_AVAILABILITY = YES_AGGRESSIVE;
				CLANG_WARN_UNREACHABLE_CODE = YES;
				CLANG_WARN__DUPLICATE_METHOD_MATCH = YES;
				COPY_PHASE_STRIP = NO;
				DEBUG_INFORMATION_FORMAT = "dwarf-with-dsym";
				ENABLE_NS_ASSERTIONS = NO;
				ENABLE_STRICT_OBJC_MSGSEND = YES;
				ENABLE_USER_SCRIPT_SANDBOXING = YES;
				GCC_C_LANGUAGE_STANDARD = gnu17;
				GCC_NO_COMMON_BLOCKS = YES;
				GCC_WARN_64_TO_32_BIT_CONVERSION = YES;
				GCC_WARN_ABOUT_RETURN_TYPE = YES_ERROR;
				GCC_WARN_UNDECLARED_SELECTOR = YES;
				GCC_WARN_UNINITIALIZED_AUTOS = YES_AGGRESSIVE;
				GCC_WARN_UNUSED_FUNCTION = YES;
				GCC_WARN_UNUSED_VARIABLE = YES;
				IPHONEOS_DEPLOYMENT_TARGET = 17.2;
				LOCALIZATION_PREFERS_STRING_CATALOGS = YES;
				MTL_ENABLE_DEBUG_INFO = NO;
				MTL_FAST_MATH = YES;
				SDKROOT = iphoneos;
				SWIFT_COMPILATION_MODE = wholemodule;
				VALIDATE_PRODUCT = YES;
			};
			name = Release;
		};
		D9DA0AB52B34581600C21C03 /* Debug */ = {
			isa = XCBuildConfiguration;
			buildSettings = {
				ASSETCATALOG_COMPILER_APPICON_NAME = AppIcon;
				ASSETCATALOG_COMPILER_GLOBAL_ACCENT_COLOR_NAME = "";
				CODE_SIGN_STYLE = Automatic;
				CURRENT_PROJECT_VERSION = 1;
				DEVELOPMENT_TEAM = 45V693LS79;
				GENERATE_INFOPLIST_FILE = YES;
				INFOPLIST_FILE = GHFollowers737/Info.plist;
				INFOPLIST_KEY_UIApplicationSupportsIndirectInputEvents = YES;
				INFOPLIST_KEY_UILaunchStoryboardName = LaunchScreen;
				INFOPLIST_KEY_UISupportedInterfaceOrientations = UIInterfaceOrientationPortrait;
				INFOPLIST_KEY_UISupportedInterfaceOrientations_iPad = "UIInterfaceOrientationLandscapeLeft UIInterfaceOrientationLandscapeRight UIInterfaceOrientationPortrait UIInterfaceOrientationPortraitUpsideDown";
				IPHONEOS_DEPLOYMENT_TARGET = 13.0;
				LD_RUNPATH_SEARCH_PATHS = (
					"$(inherited)",
					"@executable_path/Frameworks",
				);
				MARKETING_VERSION = 1.0;
				PRODUCT_BUNDLE_IDENTIFIER = Jembo.GHFollowers737;
				PRODUCT_NAME = "$(TARGET_NAME)";
				SUPPORTED_PLATFORMS = "iphoneos iphonesimulator";
				SUPPORTS_MACCATALYST = NO;
				SUPPORTS_MAC_DESIGNED_FOR_IPHONE_IPAD = NO;
				SWIFT_EMIT_LOC_STRINGS = YES;
				SWIFT_VERSION = 5.0;
				TARGETED_DEVICE_FAMILY = 1;
			};
			name = Debug;
		};
		D9DA0AB62B34581600C21C03 /* Release */ = {
			isa = XCBuildConfiguration;
			buildSettings = {
				ASSETCATALOG_COMPILER_APPICON_NAME = AppIcon;
				ASSETCATALOG_COMPILER_GLOBAL_ACCENT_COLOR_NAME = "";
				CODE_SIGN_STYLE = Automatic;
				CURRENT_PROJECT_VERSION = 1;
				DEVELOPMENT_TEAM = 45V693LS79;
				GENERATE_INFOPLIST_FILE = YES;
				INFOPLIST_FILE = GHFollowers737/Info.plist;
				INFOPLIST_KEY_UIApplicationSupportsIndirectInputEvents = YES;
				INFOPLIST_KEY_UILaunchStoryboardName = LaunchScreen;
				INFOPLIST_KEY_UISupportedInterfaceOrientations = UIInterfaceOrientationPortrait;
				INFOPLIST_KEY_UISupportedInterfaceOrientations_iPad = "UIInterfaceOrientationLandscapeLeft UIInterfaceOrientationLandscapeRight UIInterfaceOrientationPortrait UIInterfaceOrientationPortraitUpsideDown";
				IPHONEOS_DEPLOYMENT_TARGET = 13.0;
				LD_RUNPATH_SEARCH_PATHS = (
					"$(inherited)",
					"@executable_path/Frameworks",
				);
				MARKETING_VERSION = 1.0;
				PRODUCT_BUNDLE_IDENTIFIER = Jembo.GHFollowers737;
				PRODUCT_NAME = "$(TARGET_NAME)";
				SUPPORTED_PLATFORMS = "iphoneos iphonesimulator";
				SUPPORTS_MACCATALYST = NO;
				SUPPORTS_MAC_DESIGNED_FOR_IPHONE_IPAD = NO;
				SWIFT_EMIT_LOC_STRINGS = YES;
				SWIFT_VERSION = 5.0;
				TARGETED_DEVICE_FAMILY = 1;
			};
			name = Release;
		};
/* End XCBuildConfiguration section */

/* Begin XCConfigurationList section */
		D9DA0A9B2B34581500C21C03 /* Build configuration list for PBXProject "GHFollowers737" */ = {
			isa = XCConfigurationList;
			buildConfigurations = (
				D9DA0AB22B34581600C21C03 /* Debug */,
				D9DA0AB32B34581600C21C03 /* Release */,
			);
			defaultConfigurationIsVisible = 0;
			defaultConfigurationName = Release;
		};
		D9DA0AB42B34581600C21C03 /* Build configuration list for PBXNativeTarget "GHFollowers737" */ = {
			isa = XCConfigurationList;
			buildConfigurations = (
				D9DA0AB52B34581600C21C03 /* Debug */,
				D9DA0AB62B34581600C21C03 /* Release */,
			);
			defaultConfigurationIsVisible = 0;
			defaultConfigurationName = Release;
		};
/* End XCConfigurationList section */
	};
	rootObject = D9DA0A982B34581500C21C03 /* Project object */;
}
